// !$*UTF8*$!
{
	archiveVersion = 1;
	classes = {
	};
	objectVersion = 50;
	objects = {

/* Begin PBXBuildFile section */
		929A203B266FCA730052D938 /* LandmarksApp.swift in Sources */ = {isa = PBXBuildFile; fileRef = 929A203A266FCA730052D938 /* LandmarksApp.swift */; };
		929A2040266FCFAC0052D938 /* FavoriteButton.swift in Sources */ = {isa = PBXBuildFile; fileRef = 929A203F266FCFAC0052D938 /* FavoriteButton.swift */; };
		92A54AE22669B90900CBFDFF /* landmarkData.json in Resources */ = {isa = PBXBuildFile; fileRef = 92A54AE12669B90900CBFDFF /* landmarkData.json */; };
		92A54AE92669BA0600CBFDFF /* Landmark.swift in Sources */ = {isa = PBXBuildFile; fileRef = 92A54AE82669BA0600CBFDFF /* Landmark.swift */; };
		92A54AEC2669BA2F00CBFDFF /* ModelData.swift in Sources */ = {isa = PBXBuildFile; fileRef = 92A54AEB2669BA2F00CBFDFF /* ModelData.swift */; };
		92A54AF52669BAFB00CBFDFF /* LandmarkRow.swift in Sources */ = {isa = PBXBuildFile; fileRef = 92A54AF42669BAFB00CBFDFF /* LandmarkRow.swift */; };
		92A54AF82669BC7600CBFDFF /* LandmarkList.swift in Sources */ = {isa = PBXBuildFile; fileRef = 92A54AF72669BC7600CBFDFF /* LandmarkList.swift */; };
		92A54AFB2669BD9700CBFDFF /* LandmarkDetail.swift in Sources */ = {isa = PBXBuildFile; fileRef = 92A54AFA2669BD9700CBFDFF /* LandmarkDetail.swift */; };
		92C07092266894F6003B306A /* AppDelegate.swift in Sources */ = {isa = PBXBuildFile; fileRef = 92C07091266894F6003B306A /* AppDelegate.swift */; };
		92C07094266894F6003B306A /* SceneDelegate.swift in Sources */ = {isa = PBXBuildFile; fileRef = 92C07093266894F6003B306A /* SceneDelegate.swift */; };
		92C07096266894F6003B306A /* ContentView.swift in Sources */ = {isa = PBXBuildFile; fileRef = 92C07095266894F6003B306A /* ContentView.swift */; };
		92C07098266894F7003B306A /* Assets.xcassets in Resources */ = {isa = PBXBuildFile; fileRef = 92C07097266894F7003B306A /* Assets.xcassets */; };
		92C0709B266894F7003B306A /* Preview Assets.xcassets in Resources */ = {isa = PBXBuildFile; fileRef = 92C0709A266894F7003B306A /* Preview Assets.xcassets */; };
		92C0709E266894F7003B306A /* LaunchScreen.storyboard in Resources */ = {isa = PBXBuildFile; fileRef = 92C0709C266894F7003B306A /* LaunchScreen.storyboard */; };
		92C070A72668997E003B306A /* CircleImage.swift in Sources */ = {isa = PBXBuildFile; fileRef = 92C070A62668997E003B306A /* CircleImage.swift */; };
		92C070AA26689A97003B306A /* MapView.swift in Sources */ = {isa = PBXBuildFile; fileRef = 92C070A926689A97003B306A /* MapView.swift */; };
/* End PBXBuildFile section */

/* Begin PBXFileReference section */
		929A203A266FCA730052D938 /* LandmarksApp.swift */ = {isa = PBXFileReference; lastKnownFileType = sourcecode.swift; path = LandmarksApp.swift; sourceTree = "<group>"; };
		929A203F266FCFAC0052D938 /* FavoriteButton.swift */ = {isa = PBXFileReference; lastKnownFileType = sourcecode.swift; path = FavoriteButton.swift; sourceTree = "<group>"; };
		92A54AE12669B90900CBFDFF /* landmarkData.json */ = {isa = PBXFileReference; fileEncoding = 4; lastKnownFileType = text.json; path = landmarkData.json; sourceTree = "<group>"; };
		92A54AE82669BA0600CBFDFF /* Landmark.swift */ = {isa = PBXFileReference; lastKnownFileType = sourcecode.swift; path = Landmark.swift; sourceTree = "<group>"; };
		92A54AEB2669BA2F00CBFDFF /* ModelData.swift */ = {isa = PBXFileReference; lastKnownFileType = sourcecode.swift; path = ModelData.swift; sourceTree = "<group>"; };
		92A54AF42669BAFB00CBFDFF /* LandmarkRow.swift */ = {isa = PBXFileReference; lastKnownFileType = sourcecode.swift; path = LandmarkRow.swift; sourceTree = "<group>"; };
		92A54AF72669BC7600CBFDFF /* LandmarkList.swift */ = {isa = PBXFileReference; lastKnownFileType = sourcecode.swift; path = LandmarkList.swift; sourceTree = "<group>"; };
		92A54AFA2669BD9700CBFDFF /* LandmarkDetail.swift */ = {isa = PBXFileReference; lastKnownFileType = sourcecode.swift; path = LandmarkDetail.swift; sourceTree = "<group>"; };
		92C0708E266894F6003B306A /* Apple SwiftUI Essentials.app */ = {isa = PBXFileReference; explicitFileType = wrapper.application; includeInIndex = 0; path = "Apple SwiftUI Essentials.app"; sourceTree = BUILT_PRODUCTS_DIR; };
		92C07091266894F6003B306A /* AppDelegate.swift */ = {isa = PBXFileReference; lastKnownFileType = sourcecode.swift; path = AppDelegate.swift; sourceTree = "<group>"; };
		92C07093266894F6003B306A /* SceneDelegate.swift */ = {isa = PBXFileReference; lastKnownFileType = sourcecode.swift; path = SceneDelegate.swift; sourceTree = "<group>"; };
		92C07095266894F6003B306A /* ContentView.swift */ = {isa = PBXFileReference; lastKnownFileType = sourcecode.swift; path = ContentView.swift; sourceTree = "<group>"; };
		92C07097266894F7003B306A /* Assets.xcassets */ = {isa = PBXFileReference; lastKnownFileType = folder.assetcatalog; path = Assets.xcassets; sourceTree = "<group>"; };
		92C0709A266894F7003B306A /* Preview Assets.xcassets */ = {isa = PBXFileReference; lastKnownFileType = folder.assetcatalog; path = "Preview Assets.xcassets"; sourceTree = "<group>"; };
		92C0709D266894F7003B306A /* Base */ = {isa = PBXFileReference; lastKnownFileType = file.storyboard; name = Base; path = Base.lproj/LaunchScreen.storyboard; sourceTree = "<group>"; };
		92C0709F266894F7003B306A /* Info.plist */ = {isa = PBXFileReference; lastKnownFileType = text.plist.xml; path = Info.plist; sourceTree = "<group>"; };
		92C070A62668997E003B306A /* CircleImage.swift */ = {isa = PBXFileReference; lastKnownFileType = sourcecode.swift; path = CircleImage.swift; sourceTree = "<group>"; };
		92C070A926689A97003B306A /* MapView.swift */ = {isa = PBXFileReference; lastKnownFileType = sourcecode.swift; path = MapView.swift; sourceTree = "<group>"; };
/* End PBXFileReference section */

/* Begin PBXFrameworksBuildPhase section */
		92C0708B266894F6003B306A /* Frameworks */ = {
			isa = PBXFrameworksBuildPhase;
			buildActionMask = 2147483647;
			files = (
			);
			runOnlyForDeploymentPostprocessing = 0;
		};
/* End PBXFrameworksBuildPhase section */

/* Begin PBXGroup section */
		92A54AEE2669BA7A00CBFDFF /* Views */ = {
			isa = PBXGroup;
			children = (
				92C07095266894F6003B306A /* ContentView.swift */,
				92C070A62668997E003B306A /* CircleImage.swift */,
				92C070A926689A97003B306A /* MapView.swift */,
				92A54AF42669BAFB00CBFDFF /* LandmarkRow.swift */,
				92A54AF72669BC7600CBFDFF /* LandmarkList.swift */,
				929A203A266FCA730052D938 /* LandmarksApp.swift */,
				92A54AFA2669BD9700CBFDFF /* LandmarkDetail.swift */,
				929A203F266FCFAC0052D938 /* FavoriteButton.swift */,
			);
			path = Views;
			sourceTree = "<group>";
		};
		92A54AEF2669BA9500CBFDFF /* Model */ = {
			isa = PBXGroup;
			children = (
				92A54AEB2669BA2F00CBFDFF /* ModelData.swift */,
				92A54AE82669BA0600CBFDFF /* Landmark.swift */,
			);
			path = Model;
			sourceTree = "<group>";
		};
		92A54AF22669BAB200CBFDFF /* Resources */ = {
			isa = PBXGroup;
			children = (
				92A54AE12669B90900CBFDFF /* landmarkData.json */,
			);
			path = Resources;
			sourceTree = "<group>";
		};
		92C07085266894F6003B306A = {
			isa = PBXGroup;
			children = (
				92C07090266894F6003B306A /* Apple SwiftUI Essentials */,
				92C0708F266894F6003B306A /* Products */,
			);
			sourceTree = "<group>";
		};
		92C0708F266894F6003B306A /* Products */ = {
			isa = PBXGroup;
			children = (
				92C0708E266894F6003B306A /* Apple SwiftUI Essentials.app */,
			);
			name = Products;
			sourceTree = "<group>";
		};
		92C07090266894F6003B306A /* Apple SwiftUI Essentials */ = {
			isa = PBXGroup;
			children = (
				92A54AEE2669BA7A00CBFDFF /* Views */,
				92A54AEF2669BA9500CBFDFF /* Model */,
				92A54AF22669BAB200CBFDFF /* Resources */,
				92C07091266894F6003B306A /* AppDelegate.swift */,
				92C07093266894F6003B306A /* SceneDelegate.swift */,
				92C07097266894F7003B306A /* Assets.xcassets */,
				92C0709C266894F7003B306A /* LaunchScreen.storyboard */,
				92C0709F266894F7003B306A /* Info.plist */,
				92C07099266894F7003B306A /* Preview Content */,
			);
			path = "Apple SwiftUI Essentials";
			sourceTree = "<group>";
		};
		92C07099266894F7003B306A /* Preview Content */ = {
			isa = PBXGroup;
			children = (
				92C0709A266894F7003B306A /* Preview Assets.xcassets */,
			);
			path = "Preview Content";
			sourceTree = "<group>";
		};
/* End PBXGroup section */

/* Begin PBXNativeTarget section */
		92C0708D266894F6003B306A /* Apple SwiftUI Essentials */ = {
			isa = PBXNativeTarget;
			buildConfigurationList = 92C070A2266894F7003B306A /* Build configuration list for PBXNativeTarget "Apple SwiftUI Essentials" */;
			buildPhases = (
				92C0708A266894F6003B306A /* Sources */,
				92C0708B266894F6003B306A /* Frameworks */,
				92C0708C266894F6003B306A /* Resources */,
			);
			buildRules = (
			);
			dependencies = (
			);
			name = "Apple SwiftUI Essentials";
			productName = "Apple SwiftUI Essentials";
			productReference = 92C0708E266894F6003B306A /* Apple SwiftUI Essentials.app */;
			productType = "com.apple.product-type.application";
		};
/* End PBXNativeTarget section */

/* Begin PBXProject section */
		92C07086266894F6003B306A /* Project object */ = {
			isa = PBXProject;
			attributes = {
				LastSwiftUpdateCheck = 1240;
				LastUpgradeCheck = 1240;
				TargetAttributes = {
					92C0708D266894F6003B306A = {
						CreatedOnToolsVersion = 12.4;
					};
				};
			};
			buildConfigurationList = 92C07089266894F6003B306A /* Build configuration list for PBXProject "Apple SwiftUI Essentials" */;
			compatibilityVersion = "Xcode 9.3";
			developmentRegion = en;
			hasScannedForEncodings = 0;
			knownRegions = (
				en,
				Base,
			);
			mainGroup = 92C07085266894F6003B306A;
			productRefGroup = 92C0708F266894F6003B306A /* Products */;
			projectDirPath = "";
			projectRoot = "";
			targets = (
				92C0708D266894F6003B306A /* Apple SwiftUI Essentials */,
			);
		};
/* End PBXProject section */

/* Begin PBXResourcesBuildPhase section */
		92C0708C266894F6003B306A /* Resources */ = {
			isa = PBXResourcesBuildPhase;
			buildActionMask = 2147483647;
			files = (
				92C0709E266894F7003B306A /* LaunchScreen.storyboard in Resources */,
				92A54AE22669B90900CBFDFF /* landmarkData.json in Resources */,
				92C0709B266894F7003B306A /* Preview Assets.xcassets in Resources */,
				92C07098266894F7003B306A /* Assets.xcassets in Resources */,
			);
			runOnlyForDeploymentPostprocessing = 0;
		};
/* End PBXResourcesBuildPhase section */

/* Begin PBXSourcesBuildPhase section */
		92C0708A266894F6003B306A /* Sources */ = {
			isa = PBXSourcesBuildPhase;
			buildActionMask = 2147483647;
			files = (
				92C07092266894F6003B306A /* AppDelegate.swift in Sources */,
				92C070A72668997E003B306A /* CircleImage.swift in Sources */,
				92C070AA26689A97003B306A /* MapView.swift in Sources */,
				929A2040266FCFAC0052D938 /* FavoriteButton.swift in Sources */,
				92C07094266894F6003B306A /* SceneDelegate.swift in Sources */,
				92A54AF82669BC7600CBFDFF /* LandmarkList.swift in Sources */,
				92C07096266894F6003B306A /* ContentView.swift in Sources */,
				92A54AE92669BA0600CBFDFF /* Landmark.swift in Sources */,
				92A54AF52669BAFB00CBFDFF /* LandmarkRow.swift in Sources */,
				92A54AFB2669BD9700CBFDFF /* LandmarkDetail.swift in Sources */,
				929A203B266FCA730052D938 /* LandmarksApp.swift in Sources */,
				92A54AEC2669BA2F00CBFDFF /* ModelData.swift in Sources */,
			);
			runOnlyForDeploymentPostprocessing = 0;
		};
/* End PBXSourcesBuildPhase section */

/* Begin PBXVariantGroup section */
		92C0709C266894F7003B306A /* LaunchScreen.storyboard */ = {
			isa = PBXVariantGroup;
			children = (
				92C0709D266894F7003B306A /* Base */,
			);
			name = LaunchScreen.storyboard;
			sourceTree = "<group>";
		};
/* End PBXVariantGroup section */

/* Begin XCBuildConfiguration section */
		92C070A0266894F7003B306A /* Debug */ = {
			isa = XCBuildConfiguration;
			buildSettings = {
				ALWAYS_SEARCH_USER_PATHS = NO;
				CLANG_ANALYZER_NONNULL = YES;
				CLANG_ANALYZER_NUMBER_OBJECT_CONVERSION = YES_AGGRESSIVE;
				CLANG_CXX_LANGUAGE_STANDARD = "gnu++14";
				CLANG_CXX_LIBRARY = "libc++";
				CLANG_ENABLE_MODULES = YES;
				CLANG_ENABLE_OBJC_ARC = YES;
				CLANG_ENABLE_OBJC_WEAK = YES;
				CLANG_WARN_BLOCK_CAPTURE_AUTORELEASING = YES;
				CLANG_WARN_BOOL_CONVERSION = YES;
				CLANG_WARN_COMMA = YES;
				CLANG_WARN_CONSTANT_CONVERSION = YES;
				CLANG_WARN_DEPRECATED_OBJC_IMPLEMENTATIONS = YES;
				CLANG_WARN_DIRECT_OBJC_ISA_USAGE = YES_ERROR;
				CLANG_WARN_DOCUMENTATION_COMMENTS = YES;
				CLANG_WARN_EMPTY_BODY = YES;
				CLANG_WARN_ENUM_CONVERSION = YES;
				CLANG_WARN_INFINITE_RECURSION = YES;
				CLANG_WARN_INT_CONVERSION = YES;
				CLANG_WARN_NON_LITERAL_NULL_CONVERSION = YES;
				CLANG_WARN_OBJC_IMPLICIT_RETAIN_SELF = YES;
				CLANG_WARN_OBJC_LITERAL_CONVERSION = YES;
				CLANG_WARN_OBJC_ROOT_CLASS = YES_ERROR;
				CLANG_WARN_QUOTED_INCLUDE_IN_FRAMEWORK_HEADER = YES;
				CLANG_WARN_RANGE_LOOP_ANALYSIS = YES;
				CLANG_WARN_STRICT_PROTOTYPES = YES;
				CLANG_WARN_SUSPICIOUS_MOVE = YES;
				CLANG_WARN_UNGUARDED_AVAILABILITY = YES_AGGRESSIVE;
				CLANG_WARN_UNREACHABLE_CODE = YES;
				CLANG_WARN__DUPLICATE_METHOD_MATCH = YES;
				COPY_PHASE_STRIP = NO;
				DEBUG_INFORMATION_FORMAT = dwarf;
				ENABLE_STRICT_OBJC_MSGSEND = YES;
				ENABLE_TESTABILITY = YES;
				GCC_C_LANGUAGE_STANDARD = gnu11;
				GCC_DYNAMIC_NO_PIC = NO;
				GCC_NO_COMMON_BLOCKS = YES;
				GCC_OPTIMIZATION_LEVEL = 0;
				GCC_PREPROCESSOR_DEFINITIONS = (
					"DEBUG=1",
					"$(inherited)",
				);
				GCC_WARN_64_TO_32_BIT_CONVERSION = YES;
				GCC_WARN_ABOUT_RETURN_TYPE = YES_ERROR;
				GCC_WARN_UNDECLARED_SELECTOR = YES;
				GCC_WARN_UNINITIALIZED_AUTOS = YES_AGGRESSIVE;
				GCC_WARN_UNUSED_FUNCTION = YES;
				GCC_WARN_UNUSED_VARIABLE = YES;
				IPHONEOS_DEPLOYMENT_TARGET = 14.4;
				MTL_ENABLE_DEBUG_INFO = INCLUDE_SOURCE;
				MTL_FAST_MATH = YES;
				ONLY_ACTIVE_ARCH = YES;
				SDKROOT = iphoneos;
				SWIFT_ACTIVE_COMPILATION_CONDITIONS = DEBUG;
				SWIFT_OPTIMIZATION_LEVEL = "-Onone";
			};
			name = Debug;
		};
		92C070A1266894F7003B306A /* Release */ = {
			isa = XCBuildConfiguration;
			buildSettings = {
				ALWAYS_SEARCH_USER_PATHS = NO;
				CLANG_ANALYZER_NONNULL = YES;
				CLANG_ANALYZER_NUMBER_OBJECT_CONVERSION = YES_AGGRESSIVE;
				CLANG_CXX_LANGUAGE_STANDARD = "gnu++14";
				CLANG_CXX_LIBRARY = "libc++";
				CLANG_ENABLE_MODULES = YES;
				CLANG_ENABLE_OBJC_ARC = YES;
				CLANG_ENABLE_OBJC_WEAK = YES;
				CLANG_WARN_BLOCK_CAPTURE_AUTORELEASING = YES;
				CLANG_WARN_BOOL_CONVERSION = YES;
				CLANG_WARN_COMMA = YES;
				CLANG_WARN_CONSTANT_CONVERSION = YES;
				CLANG_WARN_DEPRECATED_OBJC_IMPLEMENTATIONS = YES;
				CLANG_WARN_DIRECT_OBJC_ISA_USAGE = YES_ERROR;
				CLANG_WARN_DOCUMENTATION_COMMENTS = YES;
				CLANG_WARN_EMPTY_BODY = YES;
				CLANG_WARN_ENUM_CONVERSION = YES;
				CLANG_WARN_INFINITE_RECURSION = YES;
				CLANG_WARN_INT_CONVERSION = YES;
				CLANG_WARN_NON_LITERAL_NULL_CONVERSION = YES;
				CLANG_WARN_OBJC_IMPLICIT_RETAIN_SELF = YES;
				CLANG_WARN_OBJC_LITERAL_CONVERSION = YES;
				CLANG_WARN_OBJC_ROOT_CLASS = YES_ERROR;
				CLANG_WARN_QUOTED_INCLUDE_IN_FRAMEWORK_HEADER = YES;
				CLANG_WARN_RANGE_LOOP_ANALYSIS = YES;
				CLANG_WARN_STRICT_PROTOTYPES = YES;
				CLANG_WARN_SUSPICIOUS_MOVE = YES;
				CLANG_WARN_UNGUARDED_AVAILABILITY = YES_AGGRESSIVE;
				CLANG_WARN_UNREACHABLE_CODE = YES;
				CLANG_WARN__DUPLICATE_METHOD_MATCH = YES;
				COPY_PHASE_STRIP = NO;
				DEBUG_INFORMATION_FORMAT = "dwarf-with-dsym";
				ENABLE_NS_ASSERTIONS = NO;
				ENABLE_STRICT_OBJC_MSGSEND = YES;
				GCC_C_LANGUAGE_STANDARD = gnu11;
				GCC_NO_COMMON_BLOCKS = YES;
				GCC_WARN_64_TO_32_BIT_CONVERSION = YES;
				GCC_WARN_ABOUT_RETURN_TYPE = YES_ERROR;
				GCC_WARN_UNDECLARED_SELECTOR = YES;
				GCC_WARN_UNINITIALIZED_AUTOS = YES_AGGRESSIVE;
				GCC_WARN_UNUSED_FUNCTION = YES;
				GCC_WARN_UNUSED_VARIABLE = YES;
				IPHONEOS_DEPLOYMENT_TARGET = 14.4;
				MTL_ENABLE_DEBUG_INFO = NO;
				MTL_FAST_MATH = YES;
				SDKROOT = iphoneos;
				SWIFT_COMPILATION_MODE = wholemodule;
				SWIFT_OPTIMIZATION_LEVEL = "-O";
				VALIDATE_PRODUCT = YES;
			};
			name = Release;
		};
		92C070A3266894F7003B306A /* Debug */ = {
			isa = XCBuildConfiguration;
			buildSettings = {
				ASSETCATALOG_COMPILER_APPICON_NAME = AppIcon;
				ASSETCATALOG_COMPILER_GLOBAL_ACCENT_COLOR_NAME = AccentColor;
				CODE_SIGN_STYLE = Automatic;
				DEVELOPMENT_ASSET_PATHS = "\"Apple SwiftUI Essentials/Preview Content\"";
				ENABLE_PREVIEWS = YES;
				INFOPLIST_FILE = "Apple SwiftUI Essentials/Info.plist";
				LD_RUNPATH_SEARCH_PATHS = (
					"$(inherited)",
					"@executable_path/Frameworks",
				);
				PRODUCT_BUNDLE_IDENTIFIER = "test.Apple-SwiftUI-Essentials";
				PRODUCT_NAME = "$(TARGET_NAME)";
				SWIFT_VERSION = 5.0;
				TARGETED_DEVICE_FAMILY = "1,2";
			};
			name = Debug;
		};
		92C070A4266894F7003B306A /* Release */ = {
			isa = XCBuildConfiguration;
			buildSettings = {
				ASSETCATALOG_COMPILER_APPICON_NAME = AppIcon;
				ASSETCATALOG_COMPILER_GLOBAL_ACCENT_COLOR_NAME = AccentColor;
				CODE_SIGN_STYLE = Automatic;
				DEVELOPMENT_ASSET_PATHS = "\"Apple SwiftUI Essentials/Preview Content\"";
				ENABLE_PREVIEWS = YES;
				INFOPLIST_FILE = "Apple SwiftUI Essentials/Info.plist";
				LD_RUNPATH_SEARCH_PATHS = (
					"$(inherited)",
					"@executable_path/Frameworks",
				);
				PRODUCT_BUNDLE_IDENTIFIER = "test.Apple-SwiftUI-Essentials";
				PRODUCT_NAME = "$(TARGET_NAME)";
				SWIFT_VERSION = 5.0;
				TARGETED_DEVICE_FAMILY = "1,2";
			};
			name = Release;
		};
/* End XCBuildConfiguration section */

/* Begin XCConfigurationList section */
		92C07089266894F6003B306A /* Build configuration list for PBXProject "Apple SwiftUI Essentials" */ = {
			isa = XCConfigurationList;
			buildConfigurations = (
				92C070A0266894F7003B306A /* Debug */,
				92C070A1266894F7003B306A /* Release */,
			);
			defaultConfigurationIsVisible = 0;
			defaultConfigurationName = Release;
		};
		92C070A2266894F7003B306A /* Build configuration list for PBXNativeTarget "Apple SwiftUI Essentials" */ = {
			isa = XCConfigurationList;
			buildConfigurations = (
				92C070A3266894F7003B306A /* Debug */,
				92C070A4266894F7003B306A /* Release */,
			);
			defaultConfigurationIsVisible = 0;
			defaultConfigurationName = Release;
		};
/* End XCConfigurationList section */
	};
	rootObject = 92C07086266894F6003B306A /* Project object */;
}
